
Microsoft Visual Studio Solution File, Format Version 12.00
# Visual Studio Version 16
VisualStudioVersion = 16.0.29201.188
MinimumVisualStudioVersion = 10.0.40219.1
Project("{FAE04EC0-301F-11D3-BF4B-00C04F79EFBC}") = "matrixTest", "matrixTest\matrixTest.csproj", "{D53BB464-EDE6-4BC9-8A2F-F536688F34A7}"
EndProject
Global
	GlobalSection(SolutionConfigurationPlatforms) = preSolution
		Debug|Any CPU = Debug|Any CPU
		Release|Any CPU = Release|Any CPU
	EndGlobalSection
	GlobalSection(ProjectConfigurationPlatforms) = postSolution
		{D53BB464-EDE6-4BC9-8A2F-F536688F34A7}.Debug|Any CPU.ActiveCfg = Debug|Any CPU
		{D53BB464-EDE6-4BC9-8A2F-F536688F34A7}.Debug|Any CPU.Build.0 = Debug|Any CPU
		{D53BB464-EDE6-4BC9-8A2F-F536688F34A7}.Release|Any CPU.ActiveCfg = Release|Any CPU
		{D53BB464-EDE6-4BC9-8A2F-F536688F34A7}.Release|Any CPU.Build.0 = Release|Any CPU
	EndGlobalSection
	GlobalSection(SolutionProperties) = preSolution
		HideSolutionNode = FALSE
	EndGlobalSection
	GlobalSection(ExtensibilityGlobals) = postSolution
		SolutionGuid = {B2099413-5462-4F88-ADAF-572480481EB9}
	EndGlobalSection
EndGlobal
